
Microsoft Visual Studio Solution File, Format Version 12.00
# Visual Studio 15
VisualStudioVersion = 15.0.28307.168
MinimumVisualStudioVersion = 10.0.40219.1
Project("{FAE04EC0-301F-11D3-BF4B-00C04F79EFBC}") = "Storage.API", "Storage\Storage.API.csproj", "{A13DD468-3B7F-4729-9F53-6BE8A36B8ED1}"
EndProject
Project("{FAE04EC0-301F-11D3-BF4B-00C04F79EFBC}") = "StorageMVC", "StorageMVC\StorageMVC.csproj", "{149D1A7A-9B41-468A-854D-5FB4C0ECA38C}"
EndProject
Project("{FAE04EC0-301F-11D3-BF4B-00C04F79EFBC}") = "Storage.Models", "Storage.Models\Storage.Models.csproj", "{612DE9FD-9064-463F-8EEE-FE49B6E576C9}"
EndProject
Project("{FAE04EC0-301F-11D3-BF4B-00C04F79EFBC}") = "Storage.BussinessLogic", "Storage.BussinessLogic\Storage.BussinessLogic.csproj", "{E51325FE-7EDB-4FB8-97E8-52A20DB0784C}"
EndProject
Global
	GlobalSection(SolutionConfigurationPlatforms) = preSolution
		Debug|Any CPU = Debug|Any CPU
		Release|Any CPU = Release|Any CPU
	EndGlobalSection
	GlobalSection(ProjectConfigurationPlatforms) = postSolution
		{A13DD468-3B7F-4729-9F53-6BE8A36B8ED1}.Debug|Any CPU.ActiveCfg = Debug|Any CPU
		{A13DD468-3B7F-4729-9F53-6BE8A36B8ED1}.Debug|Any CPU.Build.0 = Debug|Any CPU
		{A13DD468-3B7F-4729-9F53-6BE8A36B8ED1}.Release|Any CPU.ActiveCfg = Release|Any CPU
		{A13DD468-3B7F-4729-9F53-6BE8A36B8ED1}.Release|Any CPU.Build.0 = Release|Any CPU
		{149D1A7A-9B41-468A-854D-5FB4C0ECA38C}.Debug|Any CPU.ActiveCfg = Debug|Any CPU
		{149D1A7A-9B41-468A-854D-5FB4C0ECA38C}.Debug|Any CPU.Build.0 = Debug|Any CPU
		{149D1A7A-9B41-468A-854D-5FB4C0ECA38C}.Release|Any CPU.ActiveCfg = Release|Any CPU
		{149D1A7A-9B41-468A-854D-5FB4C0ECA38C}.Release|Any CPU.Build.0 = Release|Any CPU
		{612DE9FD-9064-463F-8EEE-FE49B6E576C9}.Debug|Any CPU.ActiveCfg = Debug|Any CPU
		{612DE9FD-9064-463F-8EEE-FE49B6E576C9}.Debug|Any CPU.Build.0 = Debug|Any CPU
		{612DE9FD-9064-463F-8EEE-FE49B6E576C9}.Release|Any CPU.ActiveCfg = Release|Any CPU
		{612DE9FD-9064-463F-8EEE-FE49B6E576C9}.Release|Any CPU.Build.0 = Release|Any CPU
		{E51325FE-7EDB-4FB8-97E8-52A20DB0784C}.Debug|Any CPU.ActiveCfg = Debug|Any CPU
		{E51325FE-7EDB-4FB8-97E8-52A20DB0784C}.Debug|Any CPU.Build.0 = Debug|Any CPU
		{E51325FE-7EDB-4FB8-97E8-52A20DB0784C}.Release|Any CPU.ActiveCfg = Release|Any CPU
		{E51325FE-7EDB-4FB8-97E8-52A20DB0784C}.Release|Any CPU.Build.0 = Release|Any CPU
	EndGlobalSection
	GlobalSection(SolutionProperties) = preSolution
		HideSolutionNode = FALSE
	EndGlobalSection
	GlobalSection(ExtensibilityGlobals) = postSolution
		SolutionGuid = {E9009ACE-0331-4D5F-AF49-42F2807202DD}
	EndGlobalSection
EndGlobal
